
Microsoft Visual Studio Solution File, Format Version 12.00
# Visual Studio Version 17
VisualStudioVersion = 17.7.34302.85
MinimumVisualStudioVersion = 10.0.40219.1
Project("{9A19103F-16F7-4668-BE54-9A1E7A4F7556}") = "nAble for nRad2", "nAble for nRad2\nAble for nRad2.csproj", "{E90C0106-EC9F-4C36-AF69-E855F6EA8719}"
	ProjectSection(ProjectDependencies) = postProject
		{78F0BB49-3C83-4E20-8414-4270B70EA0DA} = {78F0BB49-3C83-4E20-8414-4270B70EA0DA}
		{B04C56E8-6C62-4540-BAB3-C1CA029C64E9} = {B04C56E8-6C62-4540-BAB3-C1CA029C64E9}
	EndProjectSection
EndProject
Project("{9A19103F-16F7-4668-BE54-9A1E7A4F7556}") = "CommonLibrary", "CommonLibrary\CommonLibrary.csproj", "{B04C56E8-6C62-4540-BAB3-C1CA029C64E9}"
EndProject
Project("{9A19103F-16F7-4668-BE54-9A1E7A4F7556}") = "Support2", "Support2\Support2.csproj", "{78F0BB49-3C83-4E20-8414-4270B70EA0DA}"
	ProjectSection(ProjectDependencies) = postProject
		{B04C56E8-6C62-4540-BAB3-C1CA029C64E9} = {B04C56E8-6C62-4540-BAB3-C1CA029C64E9}
	EndProjectSection
EndProject
Global
	GlobalSection(SolutionConfigurationPlatforms) = preSolution
		Debug|Any CPU = Debug|Any CPU
		DemoMode|Any CPU = DemoMode|Any CPU
		Release|Any CPU = Release|Any CPU
	EndGlobalSection
	GlobalSection(ProjectConfigurationPlatforms) = postSolution
		{E90C0106-EC9F-4C36-AF69-E855F6EA8719}.Debug|Any CPU.ActiveCfg = Debug|Any CPU
		{E90C0106-EC9F-4C36-AF69-E855F6EA8719}.Debug|Any CPU.Build.0 = Debug|Any CPU
		{E90C0106-EC9F-4C36-AF69-E855F6EA8719}.DemoMode|Any CPU.ActiveCfg = DemoMode|Any CPU
		{E90C0106-EC9F-4C36-AF69-E855F6EA8719}.DemoMode|Any CPU.Build.0 = DemoMode|Any CPU
		{E90C0106-EC9F-4C36-AF69-E855F6EA8719}.Release|Any CPU.ActiveCfg = Release|Any CPU
		{E90C0106-EC9F-4C36-AF69-E855F6EA8719}.Release|Any CPU.Build.0 = Release|Any CPU
		{B04C56E8-6C62-4540-BAB3-C1CA029C64E9}.Debug|Any CPU.ActiveCfg = Debug|Any CPU
		{B04C56E8-6C62-4540-BAB3-C1CA029C64E9}.Debug|Any CPU.Build.0 = Debug|Any CPU
		{B04C56E8-6C62-4540-BAB3-C1CA029C64E9}.DemoMode|Any CPU.ActiveCfg = Debug|Any CPU
		{B04C56E8-6C62-4540-BAB3-C1CA029C64E9}.DemoMode|Any CPU.Build.0 = Debug|Any CPU
		{B04C56E8-6C62-4540-BAB3-C1CA029C64E9}.Release|Any CPU.ActiveCfg = Release|Any CPU
		{B04C56E8-6C62-4540-BAB3-C1CA029C64E9}.Release|Any CPU.Build.0 = Release|Any CPU
		{78F0BB49-3C83-4E20-8414-4270B70EA0DA}.Debug|Any CPU.ActiveCfg = Debug|Any CPU
		{78F0BB49-3C83-4E20-8414-4270B70EA0DA}.Debug|Any CPU.Build.0 = Debug|Any CPU
		{78F0BB49-3C83-4E20-8414-4270B70EA0DA}.DemoMode|Any CPU.ActiveCfg = Debug|Any CPU
		{78F0BB49-3C83-4E20-8414-4270B70EA0DA}.DemoMode|Any CPU.Build.0 = Debug|Any CPU
		{78F0BB49-3C83-4E20-8414-4270B70EA0DA}.Release|Any CPU.ActiveCfg = Release|Any CPU
		{78F0BB49-3C83-4E20-8414-4270B70EA0DA}.Release|Any CPU.Build.0 = Release|Any CPU
	EndGlobalSection
	GlobalSection(SolutionProperties) = preSolution
		HideSolutionNode = FALSE
	EndGlobalSection
	GlobalSection(ExtensibilityGlobals) = postSolution
		SolutionGuid = {510C57E1-570A-4334-8BEC-1BF416E3C309}
	EndGlobalSection
EndGlobal
